../../results_combinedGSIDs/107420-001-074.refined.vdjca
../../results_combinedGSIDs/107420-001-074.refine.report.txt
../../results_combinedGSIDs/107420-001-093.1.coverage.png
../../results_combinedGSIDs/107420-001-084.1.coverage.png
../../results_combinedGSIDs/107420-001-066.refined.vdjca
../../results_combinedGSIDs/107420-001-066.refine.report.txt
../../results_combinedGSIDs/107420-001-046.1.coverage.png
../../results_combinedGSIDs/107420-001-083.vdjca
../../results_combinedGSIDs/107420-001-083.align.report.txt
../../results_combinedGSIDs/107420-001-074.vdjca
../../results_combinedGSIDs/107420-001-074.align.report.txt
../../results_combinedGSIDs/107420-001-036.vdjca
../../results_combinedGSIDs/107420-001-036.align.report.txt
../../results_combinedGSIDs/107420-001-067.vdjca
../../results_combinedGSIDs/107420-001-067.align.report.txt
../../results_combinedGSIDs/107420-001-028.refined.vdjca
../../results_combinedGSIDs/107420-001-028.refine.report.txt
../../results_combinedGSIDs/107420-001-016.refined.vdjca
../../results_combinedGSIDs/107420-001-016.refine.report.txt
../../results_combinedGSIDs/107420-001-098.1.coverage.png
../../results_combinedGSIDs/107420-001-010.refined.vdjca
../../results_combinedGSIDs/107420-001-010.refine.report.txt
../../results_combinedGSIDs/107420-001-005.1.clones.txt
../../results_combinedGSIDs/107420-001-025.1.clones.txt
../../results_combinedGSIDs/107420-001-052.1.clones.txt
../../results_combinedGSIDs/107420-001-056.1.clones.txt
../../results_combinedGSIDs/107420-001-078.1.clones.txt
../../results_combinedGSIDs/107420-001-049.1.clones.txt
../../results_combinedGSIDs/107420-001-081.1.clones.txt
../../results_combinedGSIDs/107420-001-035.1.clones.txt
../../results_combinedGSIDs/107420-001-060.1.clones.txt
../../results_combinedGSIDs/107420-001-035.vdjca
../../results_combinedGSIDs/107420-001-035.align.report.txt
../../results_combinedGSIDs/107420-001-065.vdjca
../../results_combinedGSIDs/107420-001-065.align.report.txt
../../results_combinedGSIDs/107420-001-027.vdjca
../../results_combinedGSIDs/107420-001-027.align.report.txt
../../results_combinedGSIDs/107420-001-012.refined.vdjca
../../results_combinedGSIDs/107420-001-012.refine.report.txt
../../results_combinedGSIDs/107420-001-021.1.coverage.png
../../results_combinedGSIDs/107420-001-020.1.coverage.png
../../results_combinedGSIDs/107420-001-071.1.coverage.png
../../results_combinedGSIDs/107420-001-095.1.coverage.png
../../results_combinedGSIDs/107420-001-099.1.coverage.png
../../results_combinedGSIDs/107420-001-024.vdjca
../../results_combinedGSIDs/107420-001-024.align.report.txt
../../results_combinedGSIDs/107420-001-029.vdjca
../../results_combinedGSIDs/107420-001-029.align.report.txt
../../results_combinedGSIDs/107420-001-085.refined.vdjca
../../results_combinedGSIDs/107420-001-085.refine.report.txt
../../results_combinedGSIDs/107420-001-047.1.coverage.png
../../results_combinedGSIDs/107420-001-062.1.clones.clns
../../results_combinedGSIDs/107420-001-062.1.assemble.report.txt
../../results_combinedGSIDs/107420-001-080.refined.vdjca
../../results_combinedGSIDs/107420-001-080.refine.report.txt
../../results_combinedGSIDs/107420-001-070.refined.vdjca
../../results_combinedGSIDs/107420-001-070.refine.report.txt
../../results_combinedGSIDs/107420-001-005.1.clones.clns
../../results_combinedGSIDs/107420-001-005.1.assemble.report.txt
../../results_combinedGSIDs/107420-001-025.1.clones.clns
../../results_combinedGSIDs/107420-001-025.1.assemble.report.txt
../../results_combinedGSIDs/107420-001-052.1.clones.clns
../../results_combinedGSIDs/107420-001-052.1.assemble.report.txt
../../results_combinedGSIDs/107420-001-081.1.clones.clns
../../results_combinedGSIDs/107420-001-081.1.assemble.report.txt
../../results_combinedGSIDs/107420-001-060.1.clones.clns
../../results_combinedGSIDs/107420-001-060.1.assemble.report.txt
../../results_combinedGSIDs/107420-001-035.1.clones.clns
../../results_combinedGSIDs/107420-001-035.1.assemble.report.txt
../../results_combinedGSIDs/107420-001-078.1.clones.clns
../../results_combinedGSIDs/107420-001-078.1.assemble.report.txt
../../results_combinedGSIDs/107420-001-056.1.clones.clns
../../results_combinedGSIDs/107420-001-056.1.assemble.report.txt
../../results_combinedGSIDs/107420-001-087.1.coverage.png
../../results_combinedGSIDs/107420-001-052.refined.vdjca
../../results_combinedGSIDs/107420-001-052.refine.report.txt
../../results_combinedGSIDs/107420-001-020.refined.vdjca
../../results_combinedGSIDs/107420-001-020.refine.report.txt
../../results_combinedGSIDs/107420-001-030.1.coverage.png
../../results_combinedGSIDs/107420-001-004.1.coverage.png
../../results_combinedGSIDs/107420-001-009.refined.vdjca
../../results_combinedGSIDs/107420-001-009.refine.report.txt
../../results_combinedGSIDs/107420-001-001.refined.vdjca
../../results_combinedGSIDs/107420-001-001.refine.report.txt
../../results_combinedGSIDs/107420-001-036.1.coverage.png
../../results_combinedGSIDs/107420-001-007.refined.vdjca
../../results_combinedGSIDs/107420-001-007.refine.report.txt
../../results_combinedGSIDs/107420-001-059.1.coverage.png
../../results_combinedGSIDs/107420-001-100.1.coverage.png
../../results_combinedGSIDs/107420-001-063.1.clones.clns
../../results_combinedGSIDs/107420-001-063.1.assemble.report.txt
../../results_combinedGSIDs/107420-001-034.1.coverage.png
../../results_combinedGSIDs/107420-001-025.vdjca
../../results_combinedGSIDs/107420-001-025.align.report.txt
../../results_combinedGSIDs/107420-001-026.vdjca
../../results_combinedGSIDs/107420-001-026.align.report.txt
../../results_combinedGSIDs/107420-001-102.vdjca
../../results_combinedGSIDs/107420-001-102.align.report.txt
../../results_combinedGSIDs/107420-001-051.1.coverage.png
../../results_combinedGSIDs/107420-001-077.refined.vdjca
../../results_combinedGSIDs/107420-001-077.refine.report.txt
../../results_combinedGSIDs/107420-001-045.1.coverage.png
../../results_combinedGSIDs/107420-001-097.1.clones.txt
../../results_combinedGSIDs/107420-001-041.1.clones.txt
../../results_combinedGSIDs/107420-001-074.1.clones.txt
../../results_combinedGSIDs/107420-001-051.1.clones.txt
../../results_combinedGSIDs/107420-001-057.1.clones.txt
../../results_combinedGSIDs/107420-001-003.1.clones.txt
../../results_combinedGSIDs/107420-001-021.1.clones.txt
../../results_combinedGSIDs/107420-001-046.1.clones.txt
../../results_combinedGSIDs/107420-001-044.1.clones.txt
../../results_combinedGSIDs/107420-001-082.1.clones.txt
../../results_combinedGSIDs/107420-001-012.1.clones.txt
../../results_combinedGSIDs/107420-001-069.vdjca
../../results_combinedGSIDs/107420-001-069.align.report.txt
../../results_combinedGSIDs/107420-001-095.vdjca
../../results_combinedGSIDs/107420-001-095.align.report.txt
../../results_combinedGSIDs/107420-001-007.vdjca
../../results_combinedGSIDs/107420-001-007.align.report.txt
../../results_combinedGSIDs/107420-001-099.vdjca
../../results_combinedGSIDs/107420-001-099.align.report.txt
../../results_combinedGSIDs/107420-001-043.refined.vdjca
../../results_combinedGSIDs/107420-001-043.refine.report.txt
../../results_combinedGSIDs/107420-001-067.refined.vdjca
../../results_combinedGSIDs/107420-001-067.refine.report.txt
../../results_combinedGSIDs/107420-001-077.1.clones.txt
../../results_combinedGSIDs/107420-001-053.1.coverage.png
../../results_combinedGSIDs/107420-001-017.refined.vdjca
../../results_combinedGSIDs/107420-001-017.refine.report.txt
../../results_combinedGSIDs/107420-001-085.1.coverage.png
../../results_combinedGSIDs/107420-001-040.refined.vdjca
../../results_combinedGSIDs/107420-001-040.refine.report.txt
../../results_combinedGSIDs/107420-001-035.1.coverage.png
../../results_combinedGSIDs/107420-001-001.vdjca
../../results_combinedGSIDs/107420-001-001.align.report.txt
../../results_combinedGSIDs/107420-001-037.vdjca
../../results_combinedGSIDs/107420-001-037.align.report.txt
../../results_combinedGSIDs/107420-001-086.vdjca
../../results_combinedGSIDs/107420-001-086.align.report.txt
../../results_combinedGSIDs/107420-001-101.1.clones.txt
../../results_combinedGSIDs/107420-001-088.1.clones.clns
../../results_combinedGSIDs/107420-001-088.1.assemble.report.txt
../../results_combinedGSIDs/107420-001-032.1.coverage.png
../../results_combinedGSIDs/107420-001-046.1.clones.clns
../../results_combinedGSIDs/107420-001-046.1.assemble.report.txt
../../results_combinedGSIDs/107420-001-097.1.clones.clns
../../results_combinedGSIDs/107420-001-097.1.assemble.report.txt
../../results_combinedGSIDs/107420-001-074.1.clones.clns
../../results_combinedGSIDs/107420-001-074.1.assemble.report.txt
../../results_combinedGSIDs/107420-001-051.1.clones.clns
../../results_combinedGSIDs/107420-001-051.1.assemble.report.txt
../../results_combinedGSIDs/107420-001-021.1.clones.clns
../../results_combinedGSIDs/107420-001-021.1.assemble.report.txt
../../results_combinedGSIDs/107420-001-088.refined.vdjca
../../results_combinedGSIDs/107420-001-088.refine.report.txt
../../results_combinedGSIDs/107420-001-087.1.clones.txt
../../results_combinedGSIDs/107420-001-018.1.clones.txt
../../results_combinedGSIDs/107420-001-003.1.clones.clns
../../results_combinedGSIDs/107420-001-003.1.assemble.report.txt
../../results_combinedGSIDs/107420-001-018.1.clones.clns
../../results_combinedGSIDs/107420-001-018.1.assemble.report.txt
../../results_combinedGSIDs/107420-001-021.vdjca
../../results_combinedGSIDs/107420-001-021.align.report.txt
../../results_combinedGSIDs/107420-001-039.vdjca
../../results_combinedGSIDs/107420-001-039.align.report.txt
../../results_combinedGSIDs/107420-001-101.vdjca
../../results_combinedGSIDs/107420-001-101.align.report.txt
../../results_combinedGSIDs/107420-001-028.1.coverage.png
../../results_combinedGSIDs/107420-001-016.1.coverage.png
../../results_combinedGSIDs/107420-001-072.refined.vdjca
../../results_combinedGSIDs/107420-001-072.refine.report.txt
../../results_combinedGSIDs/107420-001-016.1.clones.txt
../../results_combinedGSIDs/107420-001-007.1.coverage.png
../../results_combinedGSIDs/107420-001-001.1.clones.txt
../../results_combinedGSIDs/107420-001-046.refined.vdjca
../../results_combinedGSIDs/107420-001-046.refine.report.txt
../../results_combinedGSIDs/107420-001-076.1.coverage.png
../../results_combinedGSIDs/107420-001-088.1.coverage.png
../../results_combinedGSIDs/107420-001-059.vdjca
../../results_combinedGSIDs/107420-001-059.align.report.txt
../../results_combinedGSIDs/107420-001-042.vdjca
../../results_combinedGSIDs/107420-001-042.align.report.txt
../../results_combinedGSIDs/107420-001-078.vdjca
../../results_combinedGSIDs/107420-001-078.align.report.txt
../../results_combinedGSIDs/107420-001-100.vdjca
../../results_combinedGSIDs/107420-001-100.align.report.txt
../../results_combinedGSIDs/107420-001-004.refined.vdjca
../../results_combinedGSIDs/107420-001-004.refine.report.txt
../../results_combinedGSIDs/107420-001-089.1.clones.txt
../../results_combinedGSIDs/107420-001-041.1.coverage.png
../../results_combinedGSIDs/107420-001-014.refined.vdjca
../../results_combinedGSIDs/107420-001-014.refine.report.txt
../../results_combinedGSIDs/107420-001-013.refined.vdjca
../../results_combinedGSIDs/107420-001-013.refine.report.txt
../../results_combinedGSIDs/107420-001-042.refined.vdjca
../../results_combinedGSIDs/107420-001-042.refine.report.txt
../../results_combinedGSIDs/107420-001-029.1.coverage.png
../../results_combinedGSIDs/107420-001-070.vdjca
../../results_combinedGSIDs/107420-001-070.align.report.txt
../../results_combinedGSIDs/107420-001-098.vdjca
../../results_combinedGSIDs/107420-001-098.align.report.txt
../../results_combinedGSIDs/107420-001-013.vdjca
../../results_combinedGSIDs/107420-001-013.align.report.txt
../../results_combinedGSIDs/107420-001-031.1.coverage.png
../../results_combinedGSIDs/107420-001-086.refined.vdjca
../../results_combinedGSIDs/107420-001-086.refine.report.txt
../../results_combinedGSIDs/107420-001-002.1.clones.txt
../../results_combinedGSIDs/107420-001-043.1.coverage.png
../../results_combinedGSIDs/107420-001-067.1.coverage.png
../../results_combinedGSIDs/107420-001-095.refined.vdjca
../../results_combinedGSIDs/107420-001-095.refine.report.txt
../../results_combinedGSIDs/107420-001-009.1.clones.txt
../../results_combinedGSIDs/107420-001-030.1.clones.txt
../../results_combinedGSIDs/107420-001-096.1.clones.txt
../../results_combinedGSIDs/107420-001-006.1.clones.txt
../../results_combinedGSIDs/107420-001-047.1.clones.txt
../../results_combinedGSIDs/107420-001-080.1.clones.txt
../../results_combinedGSIDs/107420-001-037.1.clones.txt
../../results_combinedGSIDs/107420-001-093.1.clones.txt
../../results_combinedGSIDs/107420-001-032.1.clones.txt
../../results_combinedGSIDs/107420-001-030.vdjca
../../results_combinedGSIDs/107420-001-030.align.report.txt
../../results_combinedGSIDs/107420-001-048.vdjca
../../results_combinedGSIDs/107420-001-048.align.report.txt
../../results_combinedGSIDs/107420-001-062.vdjca
../../results_combinedGSIDs/107420-001-062.align.report.txt
../../results_combinedGSIDs/107420-001-081.refined.vdjca
../../results_combinedGSIDs/107420-001-081.refine.report.txt
../../results_combinedGSIDs/107420-001-038.1.clones.clns
../../results_combinedGSIDs/107420-001-038.1.assemble.report.txt
../../results_combinedGSIDs/107420-001-061.1.coverage.png
../../results_combinedGSIDs/107420-001-037.1.coverage.png
../../results_combinedGSIDs/107420-001-068.refined.vdjca
../../results_combinedGSIDs/107420-001-068.refine.report.txt
../../results_combinedGSIDs/107420-001-082.vdjca
../../results_combinedGSIDs/107420-001-082.align.report.txt
../../results_combinedGSIDs/107420-001-085.vdjca
../../results_combinedGSIDs/107420-001-085.align.report.txt
../../results_combinedGSIDs/107420-001-024.refined.vdjca
../../results_combinedGSIDs/107420-001-024.refine.report.txt
../../results_combinedGSIDs/107420-001-026.1.coverage.png
../../results_combinedGSIDs/107420-001-027.refined.vdjca
../../results_combinedGSIDs/107420-001-027.refine.report.txt
../../results_combinedGSIDs/107420-001-002.1.clones.clns
../../results_combinedGSIDs/107420-001-002.1.assemble.report.txt
../../results_combinedGSIDs/107420-001-009.1.clones.clns
../../results_combinedGSIDs/107420-001-009.1.assemble.report.txt
../../results_combinedGSIDs/107420-001-030.1.clones.clns
../../results_combinedGSIDs/107420-001-030.1.assemble.report.txt
../../results_combinedGSIDs/107420-001-047.1.clones.clns
../../results_combinedGSIDs/107420-001-047.1.assemble.report.txt
../../results_combinedGSIDs/107420-001-080.1.clones.clns
../../results_combinedGSIDs/107420-001-080.1.assemble.report.txt
../../results_combinedGSIDs/107420-001-093.1.clones.clns
../../results_combinedGSIDs/107420-001-093.1.assemble.report.txt
../../results_combinedGSIDs/107420-001-032.1.clones.clns
../../results_combinedGSIDs/107420-001-032.1.assemble.report.txt
../../results_combinedGSIDs/107420-001-037.1.clones.clns
../../results_combinedGSIDs/107420-001-037.1.assemble.report.txt
../../results_combinedGSIDs/107420-001-006.1.clones.clns
../../results_combinedGSIDs/107420-001-006.1.assemble.report.txt
../../results_combinedGSIDs/107420-001-096.1.clones.clns
../../results_combinedGSIDs/107420-001-096.1.assemble.report.txt
../../results_combinedGSIDs/107420-001-023.1.coverage.png
../../results_combinedGSIDs/107420-001-061.refined.vdjca
../../results_combinedGSIDs/107420-001-061.refine.report.txt
../../results_combinedGSIDs/107420-001-065.1.coverage.png
../../results_combinedGSIDs/107420-001-069.1.clones.clns
../../results_combinedGSIDs/107420-001-069.1.assemble.report.txt
../../results_combinedGSIDs/107420-001-060.refined.vdjca
../../results_combinedGSIDs/107420-001-060.refine.report.txt
../../results_combinedGSIDs/107420-001-070.1.coverage.png
../../results_combinedGSIDs/107420-001-073.refined.vdjca
../../results_combinedGSIDs/107420-001-073.refine.report.txt
../../results_combinedGSIDs/107420-001-068.1.coverage.png
../../results_combinedGSIDs/107420-001-047.refined.vdjca
../../results_combinedGSIDs/107420-001-047.refine.report.txt
../../results_combinedGSIDs/107420-001-039.1.coverage.png
../../results_combinedGSIDs/107420-001-002.vdjca
../../results_combinedGSIDs/107420-001-002.align.report.txt
../../results_combinedGSIDs/107420-001-012.vdjca
../../results_combinedGSIDs/107420-001-012.align.report.txt
../../results_combinedGSIDs/107420-001-096.vdjca
../../results_combinedGSIDs/107420-001-096.align.report.txt
../../results_combinedGSIDs/107420-001-088.vdjca
../../results_combinedGSIDs/107420-001-088.align.report.txt
../../results_combinedGSIDs/107420-001-050.1.coverage.png
../../results_combinedGSIDs/107420-001-069.1.coverage.png
../../results_combinedGSIDs/107420-001-012.1.coverage.png
../../results_combinedGSIDs/107420-001-034.1.clones.txt
../../results_combinedGSIDs/107420-001-058.1.clones.txt
../../results_combinedGSIDs/107420-001-070.1.clones.txt
../../results_combinedGSIDs/107420-001-095.1.clones.txt
../../results_combinedGSIDs/107420-001-029.1.clones.txt
../../results_combinedGSIDs/107420-001-063.1.clones.txt
../../results_combinedGSIDs/107420-001-008.1.clones.txt
../../results_combinedGSIDs/107420-001-014.1.clones.txt
../../results_combinedGSIDs/107420-001-031.1.clones.txt
../../results_combinedGSIDs/107420-001-079.1.clones.txt
../../results_combinedGSIDs/107420-001-044.1.clones.clns
../../results_combinedGSIDs/107420-001-044.1.assemble.report.txt
../../results_combinedGSIDs/107420-001-039.1.clones.txt
../../results_combinedGSIDs/107420-001-004.1.clones.txt
../../results_combinedGSIDs/107420-001-098.refined.vdjca
../../results_combinedGSIDs/107420-001-098.refine.report.txt
../../results_combinedGSIDs/107420-001-018.vdjca
../../results_combinedGSIDs/107420-001-018.align.report.txt
../../results_combinedGSIDs/107420-001-073.vdjca
../../results_combinedGSIDs/107420-001-073.align.report.txt
../../results_combinedGSIDs/107420-001-051.vdjca
../../results_combinedGSIDs/107420-001-051.align.report.txt
../../results_combinedGSIDs/107420-001-061.1.clones.txt
../../results_combinedGSIDs/107420-001-072.1.coverage.png
../../results_combinedGSIDs/107420-001-059.refined.vdjca
../../results_combinedGSIDs/107420-001-059.refine.report.txt
../../results_combinedGSIDs/107420-001-097.refined.vdjca
../../results_combinedGSIDs/107420-001-097.refine.report.txt
../../results_combinedGSIDs/107420-001-091.1.coverage.png
../../results_combinedGSIDs/107420-001-048.1.coverage.png
../../results_combinedGSIDs/107420-001-028.vdjca
../../results_combinedGSIDs/107420-001-028.align.report.txt
../../results_combinedGSIDs/107420-001-071.vdjca
../../results_combinedGSIDs/107420-001-071.align.report.txt
../../results_combinedGSIDs/107420-001-090.vdjca
../../results_combinedGSIDs/107420-001-090.align.report.txt
../../results_combinedGSIDs/107420-001-036.1.clones.txt
../../results_combinedGSIDs/107420-001-101.1.clones.clns
../../results_combinedGSIDs/107420-001-101.1.assemble.report.txt
../../results_combinedGSIDs/107420-001-101.1.coverage.png
../../results_combinedGSIDs/107420-001-064.1.clones.txt
../../results_combinedGSIDs/107420-001-050.refined.vdjca
../../results_combinedGSIDs/107420-001-050.refine.report.txt
../../results_combinedGSIDs/107420-001-069.refined.vdjca
../../results_combinedGSIDs/107420-001-069.refine.report.txt
../../results_combinedGSIDs/107420-001-052.1.coverage.png
../../results_combinedGSIDs/107420-001-078.1.coverage.png
../../results_combinedGSIDs/107420-001-034.1.clones.clns
../../results_combinedGSIDs/107420-001-034.1.assemble.report.txt
../../results_combinedGSIDs/107420-001-058.1.clones.clns
../../results_combinedGSIDs/107420-001-058.1.assemble.report.txt
../../results_combinedGSIDs/107420-001-070.1.clones.clns
../../results_combinedGSIDs/107420-001-070.1.assemble.report.txt
../../results_combinedGSIDs/107420-001-095.1.clones.clns
../../results_combinedGSIDs/107420-001-095.1.assemble.report.txt
../../results_combinedGSIDs/107420-001-029.1.clones.clns
../../results_combinedGSIDs/107420-001-029.1.assemble.report.txt
../../results_combinedGSIDs/107420-001-008.vdjca
../../results_combinedGSIDs/107420-001-008.align.report.txt
../../results_combinedGSIDs/107420-001-025.refined.vdjca
../../results_combinedGSIDs/107420-001-025.refine.report.txt
../../results_combinedGSIDs/107420-001-008.1.clones.clns
../../results_combinedGSIDs/107420-001-008.1.assemble.report.txt
../../results_combinedGSIDs/107420-001-014.1.clones.clns
../../results_combinedGSIDs/107420-001-014.1.assemble.report.txt
../../results_combinedGSIDs/107420-001-019.1.clones.clns
../../results_combinedGSIDs/107420-001-019.1.assemble.report.txt
../../results_combinedGSIDs/107420-001-019.1.clones.txt
../../results_combinedGSIDs/107420-001-061.vdjca
../../results_combinedGSIDs/107420-001-061.align.report.txt
../../results_combinedGSIDs/107420-001-040.vdjca
../../results_combinedGSIDs/107420-001-040.align.report.txt
../../results_combinedGSIDs/107420-001-079.vdjca
../../results_combinedGSIDs/107420-001-079.align.report.txt
../../results_combinedGSIDs/107420-001-086.1.coverage.png
../../results_combinedGSIDs/107420-001-073.1.coverage.png
../../results_combinedGSIDs/107420-001-016.1.clones.clns
../../results_combinedGSIDs/107420-001-016.1.assemble.report.txt
../../results_combinedGSIDs/107420-001-068.1.clones.txt
../../results_combinedGSIDs/107420-001-065.refined.vdjca
../../results_combinedGSIDs/107420-001-065.refine.report.txt
../../results_combinedGSIDs/107420-001-066.vdjca
../../results_combinedGSIDs/107420-001-066.align.report.txt
../../results_combinedGSIDs/107420-001-032.vdjca
../../results_combinedGSIDs/107420-001-032.align.report.txt
../../results_combinedGSIDs/107420-001-006.vdjca
../../results_combinedGSIDs/107420-001-006.align.report.txt
../../results_combinedGSIDs/107420-001-033.1.coverage.png
../../results_combinedGSIDs/107420-001-038.1.coverage.png
../../results_combinedGSIDs/107420-001-089.1.clones.clns
../../results_combinedGSIDs/107420-001-089.1.assemble.report.txt
../../results_combinedGSIDs/107420-001-083.refined.vdjca
../../results_combinedGSIDs/107420-001-083.refine.report.txt
../../results_combinedGSIDs/107420-001-083.1.clones.clns
../../results_combinedGSIDs/107420-001-083.1.assemble.report.txt
../../results_combinedGSIDs/107420-001-089.refined.vdjca
../../results_combinedGSIDs/107420-001-089.refine.report.txt
../../results_combinedGSIDs/107420-001-082.1.coverage.png
../../results_combinedGSIDs/107420-001-094.1.clones.clns
../../results_combinedGSIDs/107420-001-094.1.assemble.report.txt
../../results_combinedGSIDs/107420-001-043.vdjca
../../results_combinedGSIDs/107420-001-043.align.report.txt
../../results_combinedGSIDs/107420-001-034.refined.vdjca
../../results_combinedGSIDs/107420-001-034.refine.report.txt
../../results_combinedGSIDs/107420-001-079.refined.vdjca
../../results_combinedGSIDs/107420-001-079.refine.report.txt
../../results_combinedGSIDs/107420-001-005.1.coverage.png
../../results_combinedGSIDs/107420-001-027.1.coverage.png
../../results_combinedGSIDs/107420-001-018.refined.vdjca
../../results_combinedGSIDs/107420-001-018.refine.report.txt
../../results_combinedGSIDs/107420-001-015.1.clones.txt
../../results_combinedGSIDs/107420-001-028.1.clones.txt
../../results_combinedGSIDs/107420-001-072.1.clones.txt
../../results_combinedGSIDs/107420-001-059.1.clones.txt
../../results_combinedGSIDs/107420-001-026.1.clones.txt
../../results_combinedGSIDs/107420-001-071.1.clones.txt
../../results_combinedGSIDs/107420-001-102.1.clones.txt
../../results_combinedGSIDs/107420-001-065.1.clones.txt
../../results_combinedGSIDs/107420-001-054.1.clones.txt
../../results_combinedGSIDs/107420-001-005.vdjca
../../results_combinedGSIDs/107420-001-005.align.report.txt
../../results_combinedGSIDs/107420-001-054.vdjca
../../results_combinedGSIDs/107420-001-054.align.report.txt
../../results_combinedGSIDs/107420-001-002.refined.vdjca
../../results_combinedGSIDs/107420-001-002.refine.report.txt
../../results_combinedGSIDs/107420-001-033.refined.vdjca
../../results_combinedGSIDs/107420-001-033.refine.report.txt
../../results_combinedGSIDs/107420-001-077.vdjca
../../results_combinedGSIDs/107420-001-077.align.report.txt
../../results_combinedGSIDs/107420-001-019.vdjca
../../results_combinedGSIDs/107420-001-019.align.report.txt
../../results_combinedGSIDs/107420-001-096.1.coverage.png
../../results_combinedGSIDs/107420-001-089.1.coverage.png
../../results_combinedGSIDs/107420-001-085.1.clones.clns
../../results_combinedGSIDs/107420-001-085.1.assemble.report.txt
../../results_combinedGSIDs/107420-001-002.1.coverage.png
../../results_combinedGSIDs/107420-001-062.refined.vdjca
../../results_combinedGSIDs/107420-001-062.refine.report.txt
../../results_combinedGSIDs/107420-001-003.1.coverage.png
../../results_combinedGSIDs/107420-001-026.1.clones.clns
../../results_combinedGSIDs/107420-001-026.1.assemble.report.txt
../../results_combinedGSIDs/107420-001-094.refined.vdjca
../../results_combinedGSIDs/107420-001-094.refine.report.txt
../../results_combinedGSIDs/107420-001-028.1.clones.clns
../../results_combinedGSIDs/107420-001-028.1.assemble.report.txt
../../results_combinedGSIDs/107420-001-072.1.clones.clns
../../results_combinedGSIDs/107420-001-072.1.assemble.report.txt
../../results_combinedGSIDs/107420-001-065.1.clones.clns
../../results_combinedGSIDs/107420-001-065.1.assemble.report.txt
../../results_combinedGSIDs/107420-001-015.1.clones.clns
../../results_combinedGSIDs/107420-001-015.1.assemble.report.txt
../../results_combinedGSIDs/107420-001-059.1.clones.clns
../../results_combinedGSIDs/107420-001-059.1.assemble.report.txt
../../results_combinedGSIDs/107420-001-071.1.clones.clns
../../results_combinedGSIDs/107420-001-071.1.assemble.report.txt
../../results_combinedGSIDs/107420-001-042.1.clones.clns
../../results_combinedGSIDs/107420-001-042.1.assemble.report.txt
../../results_combinedGSIDs/107420-001-027.1.clones.clns
../../results_combinedGSIDs/107420-001-027.1.assemble.report.txt
../../results_combinedGSIDs/107420-001-078.refined.vdjca
../../results_combinedGSIDs/107420-001-078.refine.report.txt
../../results_combinedGSIDs/107420-001-077.1.coverage.png
../../results_combinedGSIDs/107420-001-063.1.coverage.png
../../results_combinedGSIDs/107420-001-021.refined.vdjca
../../results_combinedGSIDs/107420-001-021.refine.report.txt
../../results_combinedGSIDs/107420-001-055.vdjca
../../results_combinedGSIDs/107420-001-055.align.report.txt
../../results_combinedGSIDs/107420-001-026.refined.vdjca
../../results_combinedGSIDs/107420-001-026.refine.report.txt
../../results_combinedGSIDs/107420-001-079.1.coverage.png
../../results_combinedGSIDs/107420-001-090.1.clones.txt
../../results_combinedGSIDs/107420-001-054.1.clones.clns
../../results_combinedGSIDs/107420-001-054.1.assemble.report.txt
../../results_combinedGSIDs/107420-001-009.1.coverage.png
../../results_combinedGSIDs/107420-001-001.1.coverage.png
../../results_combinedGSIDs/107420-001-081.vdjca
../../results_combinedGSIDs/107420-001-081.align.report.txt
../../results_combinedGSIDs/107420-001-044.vdjca
../../results_combinedGSIDs/107420-001-044.align.report.txt
../../results_combinedGSIDs/107420-001-081.1.coverage.png
../../results_combinedGSIDs/107420-001-102.1.coverage.png
../../results_combinedGSIDs/107420-001-091.1.clones.txt
../../results_combinedGSIDs/107420-001-055.1.clones.txt
../../results_combinedGSIDs/107420-001-083.1.clones.txt
../../results_combinedGSIDs/107420-001-085.1.clones.txt
../../results_combinedGSIDs/107420-001-023.1.clones.txt
../../results_combinedGSIDs/107420-001-020.1.clones.txt
../../results_combinedGSIDs/107420-001-067.1.clones.txt
../../results_combinedGSIDs/107420-001-035.refined.vdjca
../../results_combinedGSIDs/107420-001-035.refine.report.txt
../../results_combinedGSIDs/107420-001-054.refined.vdjca
../../results_combinedGSIDs/107420-001-054.refine.report.txt
../../results_combinedGSIDs/107420-001-010.1.clones.txt
../../results_combinedGSIDs/107420-001-043.1.clones.txt
../../results_combinedGSIDs/107420-001-004.1.clones.clns
../../results_combinedGSIDs/107420-001-004.1.assemble.report.txt
../../results_combinedGSIDs/107420-001-050.vdjca
../../results_combinedGSIDs/107420-001-050.align.report.txt
../../results_combinedGSIDs/107420-001-033.1.clones.txt
../../results_combinedGSIDs/107420-001-006.refined.vdjca
../../results_combinedGSIDs/107420-001-006.refine.report.txt
../../results_combinedGSIDs/107420-001-082.1.clones.clns
../../results_combinedGSIDs/107420-001-082.1.assemble.report.txt
../../results_combinedGSIDs/107420-001-008.refined.vdjca
../../results_combinedGSIDs/107420-001-008.refine.report.txt
../../results_combinedGSIDs/107420-001-054.1.coverage.png
../../results_combinedGSIDs/107420-001-009.vdjca
../../results_combinedGSIDs/107420-001-009.align.report.txt
../../results_combinedGSIDs/107420-001-092.vdjca
../../results_combinedGSIDs/107420-001-092.align.report.txt
../../results_combinedGSIDs/107420-001-071.refined.vdjca
../../results_combinedGSIDs/107420-001-071.refine.report.txt
../../results_combinedGSIDs/107420-001-014.1.coverage.png
../../results_combinedGSIDs/107420-001-100.1.clones.txt
../../results_combinedGSIDs/107420-001-013.1.coverage.png
../../results_combinedGSIDs/107420-001-007.1.clones.txt
../../results_combinedGSIDs/107420-001-064.1.clones.clns
../../results_combinedGSIDs/107420-001-064.1.assemble.report.txt
../../results_combinedGSIDs/107420-001-051.refined.vdjca
../../results_combinedGSIDs/107420-001-051.refine.report.txt
../../results_combinedGSIDs/107420-001-073.1.clones.clns
../../results_combinedGSIDs/107420-001-073.1.assemble.report.txt
../../results_combinedGSIDs/107420-001-091.1.clones.clns
../../results_combinedGSIDs/107420-001-091.1.assemble.report.txt
../../results_combinedGSIDs/107420-001-010.1.clones.clns
../../results_combinedGSIDs/107420-001-010.1.assemble.report.txt
../../results_combinedGSIDs/107420-001-043.1.clones.clns
../../results_combinedGSIDs/107420-001-043.1.assemble.report.txt
../../results_combinedGSIDs/107420-001-039.1.clones.clns
../../results_combinedGSIDs/107420-001-039.1.assemble.report.txt
../../results_combinedGSIDs/107420-001-036.1.clones.clns
../../results_combinedGSIDs/107420-001-036.1.assemble.report.txt
../../results_combinedGSIDs/107420-001-023.1.clones.clns
../../results_combinedGSIDs/107420-001-023.1.assemble.report.txt
../../results_combinedGSIDs/107420-001-020.1.clones.clns
../../results_combinedGSIDs/107420-001-020.1.assemble.report.txt
../../results_combinedGSIDs/107420-001-067.1.clones.clns
../../results_combinedGSIDs/107420-001-067.1.assemble.report.txt
../../results_combinedGSIDs/107420-001-055.1.clones.clns
../../results_combinedGSIDs/107420-001-055.1.assemble.report.txt
../../results_combinedGSIDs/107420-001-097.vdjca
../../results_combinedGSIDs/107420-001-097.align.report.txt
../../results_combinedGSIDs/107420-001-020.vdjca
../../results_combinedGSIDs/107420-001-020.align.report.txt
../../results_combinedGSIDs/107420-001-068.1.clones.clns
../../results_combinedGSIDs/107420-001-068.1.assemble.report.txt
../../results_combinedGSIDs/107420-001-082.refined.vdjca
../../results_combinedGSIDs/107420-001-082.refine.report.txt
../../results_combinedGSIDs/107420-001-052.vdjca
../../results_combinedGSIDs/107420-001-052.align.report.txt
../../results_combinedGSIDs/107420-001-030.refined.vdjca
../../results_combinedGSIDs/107420-001-030.refine.report.txt
../../results_combinedGSIDs/107420-001-055.1.coverage.png
../../results_combinedGSIDs/107420-001-015.1.coverage.png
../../results_combinedGSIDs/107420-001-049.1.coverage.png
../../results_combinedGSIDs/107420-001-099.1.clones.clns
../../results_combinedGSIDs/107420-001-099.1.assemble.report.txt
../../results_combinedGSIDs/107420-001-014.vdjca
../../results_combinedGSIDs/107420-001-014.align.report.txt
../../results_combinedGSIDs/107420-001-094.vdjca
../../results_combinedGSIDs/107420-001-094.align.report.txt
../../results_combinedGSIDs/107420-001-039.refined.vdjca
../../results_combinedGSIDs/107420-001-039.refine.report.txt
../../results_combinedGSIDs/107420-001-080.1.coverage.png
../../results_combinedGSIDs/107420-001-062.1.coverage.png
../../results_combinedGSIDs/107420-001-099.refined.vdjca
../../results_combinedGSIDs/107420-001-099.refine.report.txt
../../results_combinedGSIDs/107420-001-017.1.clones.txt
../../results_combinedGSIDs/107420-001-045.1.clones.txt
../../results_combinedGSIDs/107420-001-066.1.clones.txt
../../results_combinedGSIDs/107420-001-053.1.clones.txt
../../results_combinedGSIDs/107420-001-062.1.clones.txt
../../results_combinedGSIDs/107420-001-076.1.clones.txt
../../results_combinedGSIDs/107420-001-048.1.clones.txt
../../results_combinedGSIDs/107420-001-086.1.clones.txt
../../results_combinedGSIDs/107420-001-092.1.clones.txt
../../results_combinedGSIDs/107420-001-080.vdjca
../../results_combinedGSIDs/107420-001-080.align.report.txt
../../results_combinedGSIDs/107420-001-004.vdjca
../../results_combinedGSIDs/107420-001-004.align.report.txt
../../results_combinedGSIDs/107420-001-102.refined.vdjca
../../results_combinedGSIDs/107420-001-102.refine.report.txt
../../results_combinedGSIDs/107420-001-055.refined.vdjca
../../results_combinedGSIDs/107420-001-055.refine.report.txt
../../results_combinedGSIDs/107420-001-092.1.coverage.png
../../results_combinedGSIDs/107420-001-010.1.coverage.png
../../results_combinedGSIDs/107420-001-040.1.coverage.png
../../results_combinedGSIDs/107420-001-018.1.coverage.png
../../results_combinedGSIDs/107420-001-046.vdjca
../../results_combinedGSIDs/107420-001-046.align.report.txt
../../results_combinedGSIDs/107420-001-019.refined.vdjca
../../results_combinedGSIDs/107420-001-019.refine.report.txt
../../results_combinedGSIDs/107420-001-102.1.clones.clns
../../results_combinedGSIDs/107420-001-102.1.assemble.report.txt
../../results_combinedGSIDs/107420-001-008.1.coverage.png
../../results_combinedGSIDs/107420-001-005.refined.vdjca
../../results_combinedGSIDs/107420-001-005.refine.report.txt
../../results_combinedGSIDs/107420-001-058.1.coverage.png
../../results_combinedGSIDs/107420-001-064.1.coverage.png
../../results_combinedGSIDs/107420-001-017.1.clones.clns
../../results_combinedGSIDs/107420-001-017.1.assemble.report.txt
../../results_combinedGSIDs/107420-001-076.1.clones.clns
../../results_combinedGSIDs/107420-001-076.1.assemble.report.txt
../../results_combinedGSIDs/107420-001-036.refined.vdjca
../../results_combinedGSIDs/107420-001-036.refine.report.txt
../../results_combinedGSIDs/107420-001-045.1.clones.clns
../../results_combinedGSIDs/107420-001-045.1.assemble.report.txt
../../results_combinedGSIDs/107420-001-086.1.clones.clns
../../results_combinedGSIDs/107420-001-086.1.assemble.report.txt
../../results_combinedGSIDs/107420-001-066.1.clones.clns
../../results_combinedGSIDs/107420-001-066.1.assemble.report.txt
../../results_combinedGSIDs/107420-001-048.1.clones.clns
../../results_combinedGSIDs/107420-001-048.1.assemble.report.txt
../../results_combinedGSIDs/107420-001-053.1.clones.clns
../../results_combinedGSIDs/107420-001-053.1.assemble.report.txt
../../results_combinedGSIDs/107420-001-012.1.clones.clns
../../results_combinedGSIDs/107420-001-012.1.assemble.report.txt
../../results_combinedGSIDs/107420-001-001.1.clones.clns
../../results_combinedGSIDs/107420-001-001.1.assemble.report.txt
../../results_combinedGSIDs/107420-001-032.refined.vdjca
../../results_combinedGSIDs/107420-001-032.refine.report.txt
../../results_combinedGSIDs/107420-001-097.1.coverage.png
../../results_combinedGSIDs/107420-001-090.refined.vdjca
../../results_combinedGSIDs/107420-001-090.refine.report.txt
../../results_combinedGSIDs/107420-001-094.1.coverage.png
../../results_combinedGSIDs/107420-001-057.refined.vdjca
../../results_combinedGSIDs/107420-001-057.refine.report.txt
../../results_combinedGSIDs/107420-001-017.1.coverage.png
../../results_combinedGSIDs/107420-001-006.1.coverage.png
../../results_combinedGSIDs/107420-001-057.1.clones.clns
../../results_combinedGSIDs/107420-001-057.1.assemble.report.txt
../../results_combinedGSIDs/107420-001-096.refined.vdjca
../../results_combinedGSIDs/107420-001-096.refine.report.txt
../../results_combinedGSIDs/107420-001-090.1.clones.clns
../../results_combinedGSIDs/107420-001-090.1.assemble.report.txt
../../results_combinedGSIDs/107420-001-060.1.coverage.png
../../results_combinedGSIDs/107420-001-090.1.coverage.png
../../results_combinedGSIDs/107420-001-084.1.clones.txt
../../results_combinedGSIDs/107420-001-092.1.clones.clns
../../results_combinedGSIDs/107420-001-092.1.assemble.report.txt
../../results_combinedGSIDs/107420-001-047.vdjca
../../results_combinedGSIDs/107420-001-047.align.report.txt
../../results_combinedGSIDs/107420-001-050.1.clones.txt
../../results_combinedGSIDs/107420-001-098.1.clones.txt
../../results_combinedGSIDs/107420-001-094.1.clones.txt
../../results_combinedGSIDs/107420-001-099.1.clones.txt
../../results_combinedGSIDs/107420-001-040.1.clones.txt
../../results_combinedGSIDs/107420-001-013.1.clones.txt
../../results_combinedGSIDs/107420-001-069.1.clones.txt
../../results_combinedGSIDs/107420-001-038.1.clones.txt
../../results_combinedGSIDs/107420-001-048.refined.vdjca
../../results_combinedGSIDs/107420-001-048.refine.report.txt
../../results_combinedGSIDs/107420-001-024.1.clones.txt
../../results_combinedGSIDs/107420-001-042.1.clones.txt
../../results_combinedGSIDs/107420-001-073.1.clones.txt
../../results_combinedGSIDs/107420-001-010.vdjca
../../results_combinedGSIDs/107420-001-010.align.report.txt
../../results_combinedGSIDs/107420-001-057.vdjca
../../results_combinedGSIDs/107420-001-057.align.report.txt
../../results_combinedGSIDs/107420-001-056.1.coverage.png
../../results_combinedGSIDs/107420-001-100.refined.vdjca
../../results_combinedGSIDs/107420-001-100.refine.report.txt
../../results_combinedGSIDs/107420-001-024.1.coverage.png
../../results_combinedGSIDs/107420-001-019.1.coverage.png
../../results_combinedGSIDs/107420-001-042.1.coverage.png
../../results_combinedGSIDs/107420-001-101.refined.vdjca
../../results_combinedGSIDs/107420-001-101.refine.report.txt
../../results_combinedGSIDs/107420-001-079.1.clones.clns
../../results_combinedGSIDs/107420-001-079.1.assemble.report.txt
../../results_combinedGSIDs/107420-001-092.refined.vdjca
../../results_combinedGSIDs/107420-001-092.refine.report.txt
../../results_combinedGSIDs/107420-001-037.refined.vdjca
../../results_combinedGSIDs/107420-001-037.refine.report.txt
../../results_combinedGSIDs/107420-001-060.vdjca
../../results_combinedGSIDs/107420-001-060.align.report.txt
../../results_combinedGSIDs/107420-001-016.vdjca
../../results_combinedGSIDs/107420-001-016.align.report.txt
../../results_combinedGSIDs/107420-001-074.1.coverage.png
../../results_combinedGSIDs/107420-001-083.1.coverage.png
../../results_combinedGSIDs/107420-001-100.1.clones.clns
../../results_combinedGSIDs/107420-001-100.1.assemble.report.txt
../../results_combinedGSIDs/107420-001-088.1.clones.txt
../../results_combinedGSIDs/107420-001-098.1.clones.clns
../../results_combinedGSIDs/107420-001-098.1.assemble.report.txt
../../results_combinedGSIDs/107420-001-077.1.clones.clns
../../results_combinedGSIDs/107420-001-077.1.assemble.report.txt
../../results_combinedGSIDs/107420-001-024.1.clones.clns
../../results_combinedGSIDs/107420-001-024.1.assemble.report.txt
../../results_combinedGSIDs/107420-001-050.1.clones.clns
../../results_combinedGSIDs/107420-001-050.1.assemble.report.txt
../../results_combinedGSIDs/107420-001-044.refined.vdjca
../../results_combinedGSIDs/107420-001-044.refine.report.txt
../../results_combinedGSIDs/107420-001-061.1.clones.clns
../../results_combinedGSIDs/107420-001-061.1.assemble.report.txt
../../results_combinedGSIDs/107420-001-033.1.clones.clns
../../results_combinedGSIDs/107420-001-033.1.assemble.report.txt
../../results_combinedGSIDs/107420-001-007.1.clones.clns
../../results_combinedGSIDs/107420-001-007.1.assemble.report.txt
../../results_combinedGSIDs/107420-001-040.1.clones.clns
../../results_combinedGSIDs/107420-001-040.1.assemble.report.txt
../../results_combinedGSIDs/107420-001-013.1.clones.clns
../../results_combinedGSIDs/107420-001-013.1.assemble.report.txt
../../results_combinedGSIDs/107420-001-034.vdjca
../../results_combinedGSIDs/107420-001-034.align.report.txt
../../results_combinedGSIDs/107420-001-057.1.coverage.png
../../results_combinedGSIDs/107420-001-027.1.clones.txt
../../results_combinedGSIDs/107420-001-066.1.coverage.png
../../results_combinedGSIDs/107420-001-029.refined.vdjca
../../results_combinedGSIDs/107420-001-029.refine.report.txt
../../results_combinedGSIDs/107420-001-025.1.coverage.png
../../results_combinedGSIDs/107420-001-044.1.coverage.png
../../results_combinedGSIDs/107420-001-089.vdjca
../../results_combinedGSIDs/107420-001-089.align.report.txt
../../results_combinedGSIDs/107420-001-017.vdjca
../../results_combinedGSIDs/107420-001-017.align.report.txt
